# THIS IS AN AUTOGENERATED FILE. DO NOT EDIT THIS FILE DIRECTLY.
# yarn lockfile v1


"@callstack/react-theme-provider@3.0.3":
  version "3.0.3"
  resolved "https://registry.yarnpkg.com/@callstack/react-theme-provider/-/react-theme-provider-3.0.3.tgz#f964dda28cd6e731c3fbcf916b0579c6f9fb2db7"
  integrity sha512-B+9JBK7zsND/AdVkjwHvbb4cR05fJofLFG30hOeoXke8WkKAWN36yFljauAhI8qwlXlGFGZMYE1wQvsqBSccrA==
  dependencies:
    "@types/hoist-non-react-statics" "^3.3.1"
    deepmerge "^3.2.0"
    hoist-non-react-statics "^3.3.0"

"@types/hoist-non-react-statics@^3.3.1":
  version "3.3.1"
  resolved "https://registry.yarnpkg.com/@types/hoist-non-react-statics/-/hoist-non-react-statics-3.3.1.tgz#1124aafe5118cb591977aeb1ceaaed1070eb039f"
  integrity sha512-iMIqiko6ooLrTh1joXodJK5X9xeEALT1kM5G3ZLhD3hszxBdIEd5C75U834D9mLcINgD4OyZf5uQXjkuYydWvA==
  dependencies:
    "@types/react" "*"
    hoist-non-react-statics "^3.3.0"

"@types/prop-types@*":
  version "15.7.3"
  resolved "https://registry.yarnpkg.com/@types/prop-types/-/prop-types-15.7.3.tgz#2ab0d5da2e5815f94b0b9d4b95d1e5f243ab2ca7"
  integrity sha512-KfRL3PuHmqQLOG+2tGpRO26Ctg+Cq1E01D2DMriKEATHgWLfeNDmq9e29Q9WIky0dQ3NPkd1mzYH8Lm936Z9qw==

"@types/react@*":
  version "17.0.6"
  resolved "https://registry.yarnpkg.com/@types/react/-/react-17.0.6.tgz#0ec564566302c562bf497d73219797a5e0297013"
  integrity sha512-u/TtPoF/hrvb63LdukET6ncaplYsvCvmkceasx8oG84/ZCsoLxz9Z/raPBP4lTAiWW1Jb889Y9svHmv8R26dWw==
  dependencies:
    "@types/prop-types" "*"
    "@types/scheduler" "*"
    csstype "^3.0.2"

"@types/scheduler@*":
  version "0.16.1"
  resolved "https://registry.yarnpkg.com/@types/scheduler/-/scheduler-0.16.1.tgz#18845205e86ff0038517aab7a18a62a6b9f71275"
  integrity sha512-EaCxbanVeyxDRTQBkdLb3Bvl/HK7PBK6UJjsSixB0iHKoWxE5uu2Q/DgtpOhPIojN0Zl1whvOd7PoHs2P0s5eA==

csstype@^3.0.2:
  version "3.0.8"
  resolved "https://registry.yarnpkg.com/csstype/-/csstype-3.0.8.tgz#d2266a792729fb227cd216fb572f43728e1ad340"
  integrity sha512-jXKhWqXPmlUeoQnF/EhTtTl4C9SnrxSH/jZUih3jmO6lBKr99rP3/+FmrMj4EFpOXzMtXHAZkd3x0E6h6Fgflw==

deepmerge@^3.2.0:
  version "3.3.0"
  resolved "https://registry.yarnpkg.com/deepmerge/-/deepmerge-3.3.0.tgz#d3c47fd6f3a93d517b14426b0628a17b0125f5f7"
  integrity sha512-GRQOafGHwMHpjPx9iCvTgpu9NojZ49q794EEL94JVEw6VaeA8XTUyBKvAkOOjBX9oJNiV6G3P+T+tihFjo2TqA==

fuse.js@3.4.5:
  version "3.4.5"
  resolved "https://registry.yarnpkg.com/fuse.js/-/fuse.js-3.4.5.tgz#8954fb43f9729bd5dbcb8c08f251db552595a7a6"
  integrity sha512-s9PGTaQIkT69HaeoTVjwGsLfb8V8ScJLx5XGFcKHg0MqLUH/UZ4EKOtqtXX9k7AFqCGxD1aJmYb8Q5VYDibVRQ==

hoist-non-react-statics@^3.3.0:
  version "3.3.2"
  resolved "https://registry.yarnpkg.com/hoist-non-react-statics/-/hoist-non-react-statics-3.3.2.tgz#ece0acaf71d62c2969c2ec59feff42a4b1a85b45"
  integrity sha512-/gGivxi8JPKWNm/W0jSmzcMPpfpPLc3dY/6GxhX2hQ9iGj3aDfklV4ET7NjKpSinLpJ5vafa9iiGIEZg10SfBw==
  dependencies:
    react-is "^16.7.0"

"js-tokens@^3.0.0 || ^4.0.0":
  version "4.0.0"
  resolved "https://registry.yarnpkg.com/js-tokens/-/js-tokens-4.0.0.tgz#19203fb59991df98e3a287050d4647cdeaf32499"
  integrity sha512-RdJUflcE3cUzKiMqQgsCu06FPu9UdIJO0beYbPhHN4k6apgJtifcoCtT9bcxOpYBtpD2kCM6Sbzg4CausW/PKQ==

lodash.toarray@^4.4.0:
  version "4.4.0"
  resolved "https://registry.yarnpkg.com/lodash.toarray/-/lodash.toarray-4.4.0.tgz#24c4bfcd6b2fba38bfd0594db1179d8e9b656561"
  integrity sha1-JMS/zWsvuji/0FlNsRedjptlZWE=

loose-envify@^1.0.0, loose-envify@^1.4.0:
  version "1.4.0"
  resolved "https://registry.yarnpkg.com/loose-envify/-/loose-envify-1.4.0.tgz#71ee51fa7be4caec1a63839f7e682d8132d30caf"
  integrity sha512-lyuxPGr/Wfhrlem2CL/UcnUc1zcqKAImBDzukY7Y5F/yQiNdko6+fRLevlw1HgMySw7f611UIY408EtxRSoK3Q==
  dependencies:
    js-tokens "^3.0.0 || ^4.0.0"

modal-react-native-web@0.2.0:
  version "0.2.0"
  resolved "https://registry.yarnpkg.com/modal-react-native-web/-/modal-react-native-web-0.2.0.tgz#5daaa76213218fd25df739a267b11aed37e8c0c2"
  integrity sha512-sC0/jL3ZL4bGtv1VS43TnrH7/FHUqgb7IU3VYWNDzuR223fYlpG5Gc974GsTP172Vi+lnnBL/G70xONmaggxeQ==
  dependencies:
    warning "^4.0.1"

node-emoji@1.10.0:
  version "1.10.0"
  resolved "https://registry.yarnpkg.com/node-emoji/-/node-emoji-1.10.0.tgz#8886abd25d9c7bb61802a658523d1f8d2a89b2da"
  integrity sha512-Yt3384If5H6BYGVHiHwTL+99OzJKHhgp82S8/dktEK73T26BazdgZ4JZh92xSVtGNJvz9UbXdNAc5hcrXV42vw==
  dependencies:
    lodash.toarray "^4.4.0"

object-assign@^4.1.1:
  version "4.1.1"
  resolved "https://registry.yarnpkg.com/object-assign/-/object-assign-4.1.1.tgz#2109adc7965887cfc05cbbd442cac8bfbb360863"
  integrity sha1-IQmtx5ZYh8/AXLvUQsrIv7s2CGM=

prop-types@15.7.2:
  version "15.7.2"
  resolved "https://registry.yarnpkg.com/prop-types/-/prop-types-15.7.2.tgz#52c41e75b8c87e72b9d9360e0206b99dcbffa6c5"
  integrity sha512-8QQikdH7//R2vurIJSutZ1smHYTcLpRWEOlHnzcWHmBYrOGUysKwSsrC89BCiFj3CbrfJ/nXFdJepOVrY1GCHQ==
  dependencies:
    loose-envify "^1.4.0"
    object-assign "^4.1.1"
    react-is "^16.8.1"

react-async-hook@3.6.1:
  version "3.6.1"
  resolved "https://registry.yarnpkg.com/react-async-hook/-/react-async-hook-3.6.1.tgz#aed3e492d87319392865c83ed7cef3609e2a7fef"
  integrity sha512-YWBB2feVQF79t5u2raMPHlZ8975Jds+guCvkWVC4kRLDlSCouLsYpQm4DGSqPeHvoHYVVcDfqNayLZAXQmnxnw==

react-is@^16.7.0, react-is@^16.8.1:
  version "16.13.1"
  resolved "https://registry.yarnpkg.com/react-is/-/react-is-16.13.1.tgz#789729a4dc36de2999dc156dd6c1d9c18cea56a4"
  integrity sha512-24e6ynE2H+OKt4kqsOvNd8kBpV65zoxbA4BVsEOB3ARVWQki/DHzaUoC5KuON/BiccDaCCTZBuOcfZs70kR8bQ==

react-native-country-picker-modal@^2.0.0:
  version "2.0.0"
  resolved "https://registry.yarnpkg.com/react-native-country-picker-modal/-/react-native-country-picker-modal-2.0.0.tgz#005421303349a81fedf5975e465405bb4b7312d5"
  integrity sha512-p0wfkKx1mOCEkn3Qm2/FA8TrxSdUw/nqaCcT6KYvIGmPtPdia1Ce+iWh5G0j2hZcDs6yJSkYAx+7lrZ0HwixAw==
  dependencies:
    "@callstack/react-theme-provider" "3.0.3"
    fuse.js "3.4.5"
    modal-react-native-web "0.2.0"
    node-emoji "1.10.0"
    prop-types "15.7.2"
    react-async-hook "3.6.1"

warning@^4.0.1:
  version "4.0.3"
  resolved "https://registry.yarnpkg.com/warning/-/warning-4.0.3.tgz#16e9e077eb8a86d6af7d64aa1e05fd85b4678ca3"
  integrity sha512-rpJyN222KWIvHJ/F53XSZv0Zl/accqHR8et1kpaMTD/fLCRxtV8iX8czMzY7sVZupTI3zcUTg8eycS2kNF9l6w==
  dependencies:
    loose-envify "^1.0.0"
